{
  "name": "racing",
  "version": "1.0.0",
  "lockfileVersion": 2,
  "requires": true,
  "packages": {
    "": {
      "name": "racing",
      "version": "1.0.0",
      "license": "ISC",
      "dependencies": {
        "@citizenfx/client": "^2.0.6418-1",
        "@citizenfx/server": "^2.0.6418-1",
        "fs": "^0.0.1-security"
      },
      "devDependencies": {
        "@types/node": "^18.16.1"
      }
    },
    "node_modules/@citizenfx/client": {
      "version": "2.0.6418-1",
      "resolved": "https://registry.npmjs.org/@citizenfx/client/-/client-2.0.6418-1.tgz",
      "integrity": "sha512-doJhXy2SaYphGb+qnFRRCrVEkhaDc/PjozY1DblFxxy65QksEJ2YhUZn1FECV74BRYfw/te7zzRNNy7eFg9How=="
    },
    "node_modules/@citizenfx/server": {
      "version": "2.0.6418-1",
      "resolved": "https://registry.npmjs.org/@citizenfx/server/-/server-2.0.6418-1.tgz",
      "integrity": "sha512-yjF3InPxqdNRyiK2+JzIrZposmrxAKE44peGjm8GuX2iHAgHxF4XG/i5tby7IecBWTwYE8AI9oel6lDVdSR7GA=="
    },
    "node_modules/@types/node": {
      "version": "18.16.1",
      "resolved": "https://registry.npmjs.org/@types/node/-/node-18.16.1.tgz",
      "integrity": "sha512-DZxSZWXxFfOlx7k7Rv4LAyiMroaxa3Ly/7OOzZO8cBNho0YzAi4qlbrx8W27JGqG57IgR/6J7r+nOJWw6kcvZA==",
      "dev": true
    },
    "node_modules/fs": {
      "version": "0.0.1-security",
      "resolved": "https://registry.npmjs.org/fs/-/fs-0.0.1-security.tgz",
      "integrity": "sha512-3XY9e1pP0CVEUCdj5BmfIZxRBTSDycnbqhIOGec9QYtmVH2fbLpj86CFWkrNOkt/Fvty4KZG5lTglL9j/gJ87w=="
    }
  },
  "dependencies": {
    "@citizenfx/client": {
      "version": "2.0.6418-1",
      "resolved": "https://registry.npmjs.org/@citizenfx/client/-/client-2.0.6418-1.tgz",
      "integrity": "sha512-doJhXy2SaYphGb+qnFRRCrVEkhaDc/PjozY1DblFxxy65QksEJ2YhUZn1FECV74BRYfw/te7zzRNNy7eFg9How=="
    },
    "@citizenfx/server": {
      "version": "2.0.6418-1",
      "resolved": "https://registry.npmjs.org/@citizenfx/server/-/server-2.0.6418-1.tgz",
      "integrity": "sha512-yjF3InPxqdNRyiK2+JzIrZposmrxAKE44peGjm8GuX2iHAgHxF4XG/i5tby7IecBWTwYE8AI9oel6lDVdSR7GA=="
    },
    "@types/node": {
      "version": "18.16.1",
      "resolved": "https://registry.npmjs.org/@types/node/-/node-18.16.1.tgz",
      "integrity": "sha512-DZxSZWXxFfOlx7k7Rv4LAyiMroaxa3Ly/7OOzZO8cBNho0YzAi4qlbrx8W27JGqG57IgR/6J7r+nOJWw6kcvZA==",
      "dev": true
    },
    "fs": {
      "version": "0.0.1-security",
      "resolved": "https://registry.npmjs.org/fs/-/fs-0.0.1-security.tgz",
      "integrity": "sha512-3XY9e1pP0CVEUCdj5BmfIZxRBTSDycnbqhIOGec9QYtmVH2fbLpj86CFWkrNOkt/Fvty4KZG5lTglL9j/gJ87w=="
    }
  }
}
